
Microsoft Visual Studio Solution File, Format Version 12.00
# Visual Studio Version 17
VisualStudioVersion = 17.5.001.0
MinimumVisualStudioVersion = 10.0.40219.1
Project("{2150E333-8FDC-42A3-9474-1A3956D46DE8}") = "Ameri", "Ameri", "{ED8D785B-5D7D-4CB9-8BF5-825F1CBCBB81}"
EndProject
Project("{2150E333-8FDC-42A3-9474-1A3956D46DE8}") = "TNK23", "TNK23", "{C180CFEF-726D-4A87-AACC-60FA3448BBAD}"
EndProject
Project("{9A19103F-16F7-4668-BE54-9A1E7A4F7556}") = "Tnk23Game", "Ameri\TNK23\Tnk23Game\Tnk23Game.csproj", "{CE614C9D-F00E-4FC6-ADFD-41C0029BE59B}"
EndProject
Project("{2150E333-8FDC-42A3-9474-1A3956D46DE8}") = "Diotallevi", "Diotallevi", "{0A8C82AB-18A1-430E-8960-791F5282FC56}"
EndProject
Project("{2150E333-8FDC-42A3-9474-1A3956D46DE8}") = "TNK23", "TNK23", "{05AADFBB-A15B-4A82-B6CD-60B052CBB449}"
EndProject
Project("{9A19103F-16F7-4668-BE54-9A1E7A4F7556}") = "Tnk23Game", "Diotallevi\TNK23\Tnk23Game\Tnk23Game.csproj", "{55DE56FE-BA2B-4BB4-9265-E52875392EF6}"
EndProject
Project("{9A19103F-16F7-4668-BE54-9A1E7A4F7556}") = "Tnk23Test", "Diotallevi\TNK23\Tnk23Test\Tnk23Test.csproj", "{B3E2358D-FEFF-40A2-AF11-28E029E04858}"
EndProject
Project("{2150E333-8FDC-42A3-9474-1A3956D46DE8}") = "Pisoni", "Pisoni", "{173CFAB8-75D6-4A5F-8333-5A6992F80759}"
EndProject
Project("{2150E333-8FDC-42A3-9474-1A3956D46DE8}") = "TNK23", "TNK23", "{4741DCBE-E625-425B-9E83-D1121763AF69}"
EndProject
Project("{9A19103F-16F7-4668-BE54-9A1E7A4F7556}") = "Tnk23Game", "Pisoni\TNK23\Tnk23Game\Tnk23Game.csproj", "{415A4DB9-1C34-4047-8633-64A7A687FC28}"
EndProject
Project("{9A19103F-16F7-4668-BE54-9A1E7A4F7556}") = "Tnk23Test", "Pisoni\TNK23\Tnk23Test\Tnk23Test.csproj", "{E8026FFD-18E5-4099-A374-37D97EAAF38B}"
EndProject
Global
	GlobalSection(SolutionConfigurationPlatforms) = preSolution
		Debug|Any CPU = Debug|Any CPU
		Release|Any CPU = Release|Any CPU
	EndGlobalSection
	GlobalSection(ProjectConfigurationPlatforms) = postSolution
		{CE614C9D-F00E-4FC6-ADFD-41C0029BE59B}.Debug|Any CPU.ActiveCfg = Debug|Any CPU
		{CE614C9D-F00E-4FC6-ADFD-41C0029BE59B}.Debug|Any CPU.Build.0 = Debug|Any CPU
		{CE614C9D-F00E-4FC6-ADFD-41C0029BE59B}.Release|Any CPU.ActiveCfg = Release|Any CPU
		{CE614C9D-F00E-4FC6-ADFD-41C0029BE59B}.Release|Any CPU.Build.0 = Release|Any CPU
		{55DE56FE-BA2B-4BB4-9265-E52875392EF6}.Debug|Any CPU.ActiveCfg = Debug|Any CPU
		{55DE56FE-BA2B-4BB4-9265-E52875392EF6}.Debug|Any CPU.Build.0 = Debug|Any CPU
		{55DE56FE-BA2B-4BB4-9265-E52875392EF6}.Release|Any CPU.ActiveCfg = Release|Any CPU
		{55DE56FE-BA2B-4BB4-9265-E52875392EF6}.Release|Any CPU.Build.0 = Release|Any CPU
		{B3E2358D-FEFF-40A2-AF11-28E029E04858}.Debug|Any CPU.ActiveCfg = Debug|Any CPU
		{B3E2358D-FEFF-40A2-AF11-28E029E04858}.Debug|Any CPU.Build.0 = Debug|Any CPU
		{B3E2358D-FEFF-40A2-AF11-28E029E04858}.Release|Any CPU.ActiveCfg = Release|Any CPU
		{B3E2358D-FEFF-40A2-AF11-28E029E04858}.Release|Any CPU.Build.0 = Release|Any CPU
		{415A4DB9-1C34-4047-8633-64A7A687FC28}.Debug|Any CPU.ActiveCfg = Debug|Any CPU
		{415A4DB9-1C34-4047-8633-64A7A687FC28}.Debug|Any CPU.Build.0 = Debug|Any CPU
		{415A4DB9-1C34-4047-8633-64A7A687FC28}.Release|Any CPU.ActiveCfg = Release|Any CPU
		{415A4DB9-1C34-4047-8633-64A7A687FC28}.Release|Any CPU.Build.0 = Release|Any CPU
		{E8026FFD-18E5-4099-A374-37D97EAAF38B}.Debug|Any CPU.ActiveCfg = Debug|Any CPU
		{E8026FFD-18E5-4099-A374-37D97EAAF38B}.Debug|Any CPU.Build.0 = Debug|Any CPU
		{E8026FFD-18E5-4099-A374-37D97EAAF38B}.Release|Any CPU.ActiveCfg = Release|Any CPU
		{E8026FFD-18E5-4099-A374-37D97EAAF38B}.Release|Any CPU.Build.0 = Release|Any CPU
	EndGlobalSection
	GlobalSection(SolutionProperties) = preSolution
		HideSolutionNode = FALSE
	EndGlobalSection
	GlobalSection(NestedProjects) = preSolution
		{C180CFEF-726D-4A87-AACC-60FA3448BBAD} = {ED8D785B-5D7D-4CB9-8BF5-825F1CBCBB81}
		{CE614C9D-F00E-4FC6-ADFD-41C0029BE59B} = {C180CFEF-726D-4A87-AACC-60FA3448BBAD}
		{05AADFBB-A15B-4A82-B6CD-60B052CBB449} = {0A8C82AB-18A1-430E-8960-791F5282FC56}
		{55DE56FE-BA2B-4BB4-9265-E52875392EF6} = {05AADFBB-A15B-4A82-B6CD-60B052CBB449}
		{B3E2358D-FEFF-40A2-AF11-28E029E04858} = {05AADFBB-A15B-4A82-B6CD-60B052CBB449}
		{4741DCBE-E625-425B-9E83-D1121763AF69} = {173CFAB8-75D6-4A5F-8333-5A6992F80759}
		{415A4DB9-1C34-4047-8633-64A7A687FC28} = {4741DCBE-E625-425B-9E83-D1121763AF69}
		{E8026FFD-18E5-4099-A374-37D97EAAF38B} = {4741DCBE-E625-425B-9E83-D1121763AF69}
	EndGlobalSection
	GlobalSection(ExtensibilityGlobals) = postSolution
		SolutionGuid = {F33D7456-B665-4E80-891D-8F7DFD805D15}
	EndGlobalSection
EndGlobal
